<?xml version="1.0" encoding="utf-8"?>
<Project ToolsVersion="4.0" xmlns="http://schemas.microsoft.com/developer/msbuild/2003">
  <ItemGroup>
    <ClInclude Include="Board.h" />
    <ClInclude Include="Symbol.h" />
    <ClInclude Include="GameCoordinator.h" />
    <ClInclude Include="TilePosition.h" />
    <ClInclude Include="MoveValidity.h" />
    <ClInclude Include="Game.h" />
    <ClInclude Include="Player.h" />
    <ClInclude Include="HumanPlayer.h" />
    <ClInclude Include="AIPlayer.h" />
    <ClInclude Include="board_constants.h" />
    <ClInclude Include="PlayerType.h" />
  </ItemGroup>
  <ItemGroup>
    <ClCompile Include="Board.cpp" />
    <ClCompile Include="GameCoordinator.cpp" />
    <ClCompile Include="main.cpp" />
    <ClCompile Include="Game.cpp" />
    <ClCompile Include="Player.cpp" />
    <ClCompile Include="HumanPlayer.cpp" />
    <ClCompile Include="AIPlayer.cpp" />
  </ItemGroup>
</Project>